
Microsoft Visual Studio Solution File, Format Version 12.00
# Visual Studio Version 17
VisualStudioVersion = 17.11.35431.28
MinimumVisualStudioVersion = 10.0.40219.1
Project("{9A19103F-16F7-4668-BE54-9A1E7A4F7556}") = "Dec01", "Dec01\Dec01.csproj", "{B694FFC9-FF6D-46B9-8562-A18AA9CAE448}"
EndProject
Project("{9A19103F-16F7-4668-BE54-9A1E7A4F7556}") = "Dec02", "Dec02\Dec02.csproj", "{697E5E60-3438-4137-937D-083E78A98FBA}"
EndProject
Project("{9A19103F-16F7-4668-BE54-9A1E7A4F7556}") = "Dec03", "Dec03\Dec03.csproj", "{CAD5FF61-7C32-4C35-ADC2-A59FA6FDB2D9}"
EndProject
Project("{9A19103F-16F7-4668-BE54-9A1E7A4F7556}") = "Dec04", "Dec04\Dec04.csproj", "{68F94535-5CE2-40D5-BBB9-26F49BDE013B}"
EndProject
Project("{FAE04EC0-301F-11D3-BF4B-00C04F79EFBC}") = "Dec05", "Dec05\Dec05.csproj", "{ED8EEE3D-6669-48AE-8DB7-40EA6099F505}"
EndProject
Project("{FAE04EC0-301F-11D3-BF4B-00C04F79EFBC}") = "Dec06", "Dec06\Dec06.csproj", "{D9C8735F-7A39-4048-A4B3-7D553CFD3522}"
EndProject
Project("{FAE04EC0-301F-11D3-BF4B-00C04F79EFBC}") = "Dec07", "Dec07\Dec07.csproj", "{16E4A3B9-05FA-4F6B-AC98-71E1FF44AAFD}"
EndProject
Project("{FAE04EC0-301F-11D3-BF4B-00C04F79EFBC}") = "Dec08", "Dec08\Dec08.csproj", "{1353224D-1DD3-433E-B7DB-90C4A8E4C6EC}"
EndProject
Project("{FAE04EC0-301F-11D3-BF4B-00C04F79EFBC}") = "Dec09", "Dec09\Dec09.csproj", "{85762058-EB81-4961-99E9-2AE8EC67BF2A}"
EndProject
Project("{FAE04EC0-301F-11D3-BF4B-00C04F79EFBC}") = "Dec10", "Dec10\Dec10.csproj", "{72F660A5-C9C6-4998-B949-7FED8336C8D8}"
EndProject
Project("{FAE04EC0-301F-11D3-BF4B-00C04F79EFBC}") = "Dec11", "Dec11\Dec11.csproj", "{8A81ED44-9B87-4F4E-825D-734C1C81DA8E}"
EndProject
Project("{FAE04EC0-301F-11D3-BF4B-00C04F79EFBC}") = "Dec12", "Dec12\Dec12.csproj", "{F40B0B03-904E-4BCD-976F-808B7E28A909}"
EndProject
Project("{FAE04EC0-301F-11D3-BF4B-00C04F79EFBC}") = "Dec13", "Dec13\Dec13.csproj", "{A81A7F80-F584-4A41-9A0A-21F569FD3469}"
EndProject
Project("{FAE04EC0-301F-11D3-BF4B-00C04F79EFBC}") = "Dec14", "Dec14\Dec14.csproj", "{AF1B0EE9-CD78-4506-ADAE-80FC6A4D18D6}"
EndProject
Project("{FAE04EC0-301F-11D3-BF4B-00C04F79EFBC}") = "Dec15", "Dec15\Dec15.csproj", "{68DC481B-DA31-4F41-B05C-60ADD8E166F6}"
EndProject
Project("{FAE04EC0-301F-11D3-BF4B-00C04F79EFBC}") = "Dec16", "Dec16\Dec16.csproj", "{5DE6AA0A-A418-4825-BD4E-1137C4CF73D1}"
EndProject
Project("{FAE04EC0-301F-11D3-BF4B-00C04F79EFBC}") = "Dec17", "Dec17\Dec17.csproj", "{2882F5B4-1346-4EE1-AD6D-EF78142CDC3F}"
EndProject
Project("{FAE04EC0-301F-11D3-BF4B-00C04F79EFBC}") = "Dec18", "Dec18\Dec18.csproj", "{FA1BD750-FE29-4F4E-999D-17F934774C04}"
EndProject
Project("{FAE04EC0-301F-11D3-BF4B-00C04F79EFBC}") = "Dec19", "Dec19\Dec19.csproj", "{81A4F223-EE35-486F-B0BD-94BEB6D5795E}"
EndProject
Project("{FAE04EC0-301F-11D3-BF4B-00C04F79EFBC}") = "Dec20", "Dec20\Dec20.csproj", "{1379D328-C219-4750-BD9D-64AD37AD1F0B}"
EndProject
Project("{FAE04EC0-301F-11D3-BF4B-00C04F79EFBC}") = "Dec21", "Dec21\Dec21.csproj", "{10F3BBFF-E755-4E46-B5D7-BA028F6A2E3F}"
EndProject
Project("{FAE04EC0-301F-11D3-BF4B-00C04F79EFBC}") = "Dec22", "Dec22\Dec22.csproj", "{7FEEECBC-C40C-4106-9F22-7159F898DEE2}"
EndProject
Project("{FAE04EC0-301F-11D3-BF4B-00C04F79EFBC}") = "Dec23", "Dec23\Dec23.csproj", "{46E663A5-9C80-4560-A56F-FFD59CC6DC7D}"
EndProject
Project("{FAE04EC0-301F-11D3-BF4B-00C04F79EFBC}") = "Dec24", "Dec24\Dec24.csproj", "{99CE4C08-58C1-46CE-B853-144E4D6EB39B}"
EndProject
Project("{FAE04EC0-301F-11D3-BF4B-00C04F79EFBC}") = "Dec25", "Dec25\Dec25.csproj", "{A1F30E09-815D-4C61-AF0E-14BEF2062B4F}"
EndProject
Global
	GlobalSection(SolutionConfigurationPlatforms) = preSolution
		Debug|Any CPU = Debug|Any CPU
		Release|Any CPU = Release|Any CPU
	EndGlobalSection
	GlobalSection(ProjectConfigurationPlatforms) = postSolution
		{B694FFC9-FF6D-46B9-8562-A18AA9CAE448}.Debug|Any CPU.ActiveCfg = Debug|Any CPU
		{B694FFC9-FF6D-46B9-8562-A18AA9CAE448}.Debug|Any CPU.Build.0 = Debug|Any CPU
		{B694FFC9-FF6D-46B9-8562-A18AA9CAE448}.Release|Any CPU.ActiveCfg = Release|Any CPU
		{B694FFC9-FF6D-46B9-8562-A18AA9CAE448}.Release|Any CPU.Build.0 = Release|Any CPU
		{697E5E60-3438-4137-937D-083E78A98FBA}.Debug|Any CPU.ActiveCfg = Debug|Any CPU
		{697E5E60-3438-4137-937D-083E78A98FBA}.Debug|Any CPU.Build.0 = Debug|Any CPU
		{697E5E60-3438-4137-937D-083E78A98FBA}.Release|Any CPU.ActiveCfg = Release|Any CPU
		{697E5E60-3438-4137-937D-083E78A98FBA}.Release|Any CPU.Build.0 = Release|Any CPU
		{CAD5FF61-7C32-4C35-ADC2-A59FA6FDB2D9}.Debug|Any CPU.ActiveCfg = Debug|Any CPU
		{CAD5FF61-7C32-4C35-ADC2-A59FA6FDB2D9}.Debug|Any CPU.Build.0 = Debug|Any CPU
		{CAD5FF61-7C32-4C35-ADC2-A59FA6FDB2D9}.Release|Any CPU.ActiveCfg = Release|Any CPU
		{CAD5FF61-7C32-4C35-ADC2-A59FA6FDB2D9}.Release|Any CPU.Build.0 = Release|Any CPU
		{68F94535-5CE2-40D5-BBB9-26F49BDE013B}.Debug|Any CPU.ActiveCfg = Debug|Any CPU
		{68F94535-5CE2-40D5-BBB9-26F49BDE013B}.Debug|Any CPU.Build.0 = Debug|Any CPU
		{68F94535-5CE2-40D5-BBB9-26F49BDE013B}.Release|Any CPU.ActiveCfg = Release|Any CPU
		{68F94535-5CE2-40D5-BBB9-26F49BDE013B}.Release|Any CPU.Build.0 = Release|Any CPU
		{ED8EEE3D-6669-48AE-8DB7-40EA6099F505}.Debug|Any CPU.ActiveCfg = Debug|Any CPU
		{ED8EEE3D-6669-48AE-8DB7-40EA6099F505}.Debug|Any CPU.Build.0 = Debug|Any CPU
		{ED8EEE3D-6669-48AE-8DB7-40EA6099F505}.Release|Any CPU.ActiveCfg = Release|Any CPU
		{ED8EEE3D-6669-48AE-8DB7-40EA6099F505}.Release|Any CPU.Build.0 = Release|Any CPU
		{D9C8735F-7A39-4048-A4B3-7D553CFD3522}.Debug|Any CPU.ActiveCfg = Debug|Any CPU
		{D9C8735F-7A39-4048-A4B3-7D553CFD3522}.Debug|Any CPU.Build.0 = Debug|Any CPU
		{D9C8735F-7A39-4048-A4B3-7D553CFD3522}.Release|Any CPU.ActiveCfg = Release|Any CPU
		{D9C8735F-7A39-4048-A4B3-7D553CFD3522}.Release|Any CPU.Build.0 = Release|Any CPU
		{16E4A3B9-05FA-4F6B-AC98-71E1FF44AAFD}.Debug|Any CPU.ActiveCfg = Debug|Any CPU
		{16E4A3B9-05FA-4F6B-AC98-71E1FF44AAFD}.Debug|Any CPU.Build.0 = Debug|Any CPU
		{16E4A3B9-05FA-4F6B-AC98-71E1FF44AAFD}.Release|Any CPU.ActiveCfg = Release|Any CPU
		{16E4A3B9-05FA-4F6B-AC98-71E1FF44AAFD}.Release|Any CPU.Build.0 = Release|Any CPU
		{1353224D-1DD3-433E-B7DB-90C4A8E4C6EC}.Debug|Any CPU.ActiveCfg = Debug|Any CPU
		{1353224D-1DD3-433E-B7DB-90C4A8E4C6EC}.Debug|Any CPU.Build.0 = Debug|Any CPU
		{1353224D-1DD3-433E-B7DB-90C4A8E4C6EC}.Release|Any CPU.ActiveCfg = Release|Any CPU
		{1353224D-1DD3-433E-B7DB-90C4A8E4C6EC}.Release|Any CPU.Build.0 = Release|Any CPU
		{85762058-EB81-4961-99E9-2AE8EC67BF2A}.Debug|Any CPU.ActiveCfg = Debug|Any CPU
		{85762058-EB81-4961-99E9-2AE8EC67BF2A}.Debug|Any CPU.Build.0 = Debug|Any CPU
		{85762058-EB81-4961-99E9-2AE8EC67BF2A}.Release|Any CPU.ActiveCfg = Release|Any CPU
		{85762058-EB81-4961-99E9-2AE8EC67BF2A}.Release|Any CPU.Build.0 = Release|Any CPU
		{72F660A5-C9C6-4998-B949-7FED8336C8D8}.Debug|Any CPU.ActiveCfg = Debug|Any CPU
		{72F660A5-C9C6-4998-B949-7FED8336C8D8}.Debug|Any CPU.Build.0 = Debug|Any CPU
		{72F660A5-C9C6-4998-B949-7FED8336C8D8}.Release|Any CPU.ActiveCfg = Release|Any CPU
		{72F660A5-C9C6-4998-B949-7FED8336C8D8}.Release|Any CPU.Build.0 = Release|Any CPU
		{8A81ED44-9B87-4F4E-825D-734C1C81DA8E}.Debug|Any CPU.ActiveCfg = Debug|Any CPU
		{8A81ED44-9B87-4F4E-825D-734C1C81DA8E}.Debug|Any CPU.Build.0 = Debug|Any CPU
		{8A81ED44-9B87-4F4E-825D-734C1C81DA8E}.Release|Any CPU.ActiveCfg = Release|Any CPU
		{8A81ED44-9B87-4F4E-825D-734C1C81DA8E}.Release|Any CPU.Build.0 = Release|Any CPU
		{F40B0B03-904E-4BCD-976F-808B7E28A909}.Debug|Any CPU.ActiveCfg = Debug|Any CPU
		{F40B0B03-904E-4BCD-976F-808B7E28A909}.Debug|Any CPU.Build.0 = Debug|Any CPU
		{F40B0B03-904E-4BCD-976F-808B7E28A909}.Release|Any CPU.ActiveCfg = Release|Any CPU
		{F40B0B03-904E-4BCD-976F-808B7E28A909}.Release|Any CPU.Build.0 = Release|Any CPU
		{A81A7F80-F584-4A41-9A0A-21F569FD3469}.Debug|Any CPU.ActiveCfg = Debug|Any CPU
		{A81A7F80-F584-4A41-9A0A-21F569FD3469}.Debug|Any CPU.Build.0 = Debug|Any CPU
		{A81A7F80-F584-4A41-9A0A-21F569FD3469}.Release|Any CPU.ActiveCfg = Release|Any CPU
		{A81A7F80-F584-4A41-9A0A-21F569FD3469}.Release|Any CPU.Build.0 = Release|Any CPU
		{AF1B0EE9-CD78-4506-ADAE-80FC6A4D18D6}.Debug|Any CPU.ActiveCfg = Debug|Any CPU
		{AF1B0EE9-CD78-4506-ADAE-80FC6A4D18D6}.Debug|Any CPU.Build.0 = Debug|Any CPU
		{AF1B0EE9-CD78-4506-ADAE-80FC6A4D18D6}.Release|Any CPU.ActiveCfg = Release|Any CPU
		{AF1B0EE9-CD78-4506-ADAE-80FC6A4D18D6}.Release|Any CPU.Build.0 = Release|Any CPU
		{68DC481B-DA31-4F41-B05C-60ADD8E166F6}.Debug|Any CPU.ActiveCfg = Debug|Any CPU
		{68DC481B-DA31-4F41-B05C-60ADD8E166F6}.Debug|Any CPU.Build.0 = Debug|Any CPU
		{68DC481B-DA31-4F41-B05C-60ADD8E166F6}.Release|Any CPU.ActiveCfg = Release|Any CPU
		{68DC481B-DA31-4F41-B05C-60ADD8E166F6}.Release|Any CPU.Build.0 = Release|Any CPU
		{5DE6AA0A-A418-4825-BD4E-1137C4CF73D1}.Debug|Any CPU.ActiveCfg = Debug|Any CPU
		{5DE6AA0A-A418-4825-BD4E-1137C4CF73D1}.Debug|Any CPU.Build.0 = Debug|Any CPU
		{5DE6AA0A-A418-4825-BD4E-1137C4CF73D1}.Release|Any CPU.ActiveCfg = Release|Any CPU
		{5DE6AA0A-A418-4825-BD4E-1137C4CF73D1}.Release|Any CPU.Build.0 = Release|Any CPU
		{2882F5B4-1346-4EE1-AD6D-EF78142CDC3F}.Debug|Any CPU.ActiveCfg = Debug|Any CPU
		{2882F5B4-1346-4EE1-AD6D-EF78142CDC3F}.Debug|Any CPU.Build.0 = Debug|Any CPU
		{2882F5B4-1346-4EE1-AD6D-EF78142CDC3F}.Release|Any CPU.ActiveCfg = Release|Any CPU
		{2882F5B4-1346-4EE1-AD6D-EF78142CDC3F}.Release|Any CPU.Build.0 = Release|Any CPU
		{FA1BD750-FE29-4F4E-999D-17F934774C04}.Debug|Any CPU.ActiveCfg = Debug|Any CPU
		{FA1BD750-FE29-4F4E-999D-17F934774C04}.Debug|Any CPU.Build.0 = Debug|Any CPU
		{FA1BD750-FE29-4F4E-999D-17F934774C04}.Release|Any CPU.ActiveCfg = Release|Any CPU
		{FA1BD750-FE29-4F4E-999D-17F934774C04}.Release|Any CPU.Build.0 = Release|Any CPU
		{81A4F223-EE35-486F-B0BD-94BEB6D5795E}.Debug|Any CPU.ActiveCfg = Debug|Any CPU
		{81A4F223-EE35-486F-B0BD-94BEB6D5795E}.Debug|Any CPU.Build.0 = Debug|Any CPU
		{81A4F223-EE35-486F-B0BD-94BEB6D5795E}.Release|Any CPU.ActiveCfg = Release|Any CPU
		{81A4F223-EE35-486F-B0BD-94BEB6D5795E}.Release|Any CPU.Build.0 = Release|Any CPU
		{1379D328-C219-4750-BD9D-64AD37AD1F0B}.Debug|Any CPU.ActiveCfg = Debug|Any CPU
		{1379D328-C219-4750-BD9D-64AD37AD1F0B}.Debug|Any CPU.Build.0 = Debug|Any CPU
		{1379D328-C219-4750-BD9D-64AD37AD1F0B}.Release|Any CPU.ActiveCfg = Release|Any CPU
		{1379D328-C219-4750-BD9D-64AD37AD1F0B}.Release|Any CPU.Build.0 = Release|Any CPU
		{10F3BBFF-E755-4E46-B5D7-BA028F6A2E3F}.Debug|Any CPU.ActiveCfg = Debug|Any CPU
		{10F3BBFF-E755-4E46-B5D7-BA028F6A2E3F}.Debug|Any CPU.Build.0 = Debug|Any CPU
		{10F3BBFF-E755-4E46-B5D7-BA028F6A2E3F}.Release|Any CPU.ActiveCfg = Release|Any CPU
		{10F3BBFF-E755-4E46-B5D7-BA028F6A2E3F}.Release|Any CPU.Build.0 = Release|Any CPU
		{7FEEECBC-C40C-4106-9F22-7159F898DEE2}.Debug|Any CPU.ActiveCfg = Debug|Any CPU
		{7FEEECBC-C40C-4106-9F22-7159F898DEE2}.Debug|Any CPU.Build.0 = Debug|Any CPU
		{7FEEECBC-C40C-4106-9F22-7159F898DEE2}.Release|Any CPU.ActiveCfg = Release|Any CPU
		{7FEEECBC-C40C-4106-9F22-7159F898DEE2}.Release|Any CPU.Build.0 = Release|Any CPU
		{46E663A5-9C80-4560-A56F-FFD59CC6DC7D}.Debug|Any CPU.ActiveCfg = Debug|Any CPU
		{46E663A5-9C80-4560-A56F-FFD59CC6DC7D}.Debug|Any CPU.Build.0 = Debug|Any CPU
		{46E663A5-9C80-4560-A56F-FFD59CC6DC7D}.Release|Any CPU.ActiveCfg = Release|Any CPU
		{46E663A5-9C80-4560-A56F-FFD59CC6DC7D}.Release|Any CPU.Build.0 = Release|Any CPU
		{99CE4C08-58C1-46CE-B853-144E4D6EB39B}.Debug|Any CPU.ActiveCfg = Debug|Any CPU
		{99CE4C08-58C1-46CE-B853-144E4D6EB39B}.Debug|Any CPU.Build.0 = Debug|Any CPU
		{99CE4C08-58C1-46CE-B853-144E4D6EB39B}.Release|Any CPU.ActiveCfg = Release|Any CPU
		{99CE4C08-58C1-46CE-B853-144E4D6EB39B}.Release|Any CPU.Build.0 = Release|Any CPU
		{A1F30E09-815D-4C61-AF0E-14BEF2062B4F}.Debug|Any CPU.ActiveCfg = Debug|Any CPU
		{A1F30E09-815D-4C61-AF0E-14BEF2062B4F}.Debug|Any CPU.Build.0 = Debug|Any CPU
		{A1F30E09-815D-4C61-AF0E-14BEF2062B4F}.Release|Any CPU.ActiveCfg = Release|Any CPU
		{A1F30E09-815D-4C61-AF0E-14BEF2062B4F}.Release|Any CPU.Build.0 = Release|Any CPU
	EndGlobalSection
	GlobalSection(SolutionProperties) = preSolution
		HideSolutionNode = FALSE
	EndGlobalSection
	GlobalSection(ExtensibilityGlobals) = postSolution
		SolutionGuid = {2585B50A-01AF-46A1-9944-2DBAD2E93144}
	EndGlobalSection
EndGlobal
